
Microsoft Visual Studio Solution File, Format Version 12.00
# Visual Studio 2012
Project("{FAE04EC0-301F-11D3-BF4B-00C04F79EFBC}") = "Sazare.Samples", "Sazare.Samples\Sazare.Samples.csproj", "{CD0AD184-8D11-41D8-99E5-483D2A8E5A28}"
EndProject
Project("{FAE04EC0-301F-11D3-BF4B-00C04F79EFBC}") = "Sazare.Tools.Common", "Sazare.Tools.Common\Sazare.Tools.Common.csproj", "{0E21411A-99E8-4670-A08B-DABF834C1838}"
EndProject
Project("{FAE04EC0-301F-11D3-BF4B-00C04F79EFBC}") = "Sazare.Tools.Cui", "Sazare.Tools.Cui\Sazare.Tools.Cui.csproj", "{A819C755-92BF-471A-AE19-9F588AF5EC1D}"
EndProject
Project("{FAE04EC0-301F-11D3-BF4B-00C04F79EFBC}") = "Sazare.Tools.Gui", "Sazare.Tools.Gui\Sazare.Tools.Gui.csproj", "{0F6190DF-DBB5-43AA-9087-4FD83F4A3606}"
EndProject
Global
	GlobalSection(SolutionConfigurationPlatforms) = preSolution
		Debug|Any CPU = Debug|Any CPU
		Debug|Mixed Platforms = Debug|Mixed Platforms
		Debug|x86 = Debug|x86
		Release|Any CPU = Release|Any CPU
		Release|Mixed Platforms = Release|Mixed Platforms
		Release|x86 = Release|x86
	EndGlobalSection
	GlobalSection(ProjectConfigurationPlatforms) = postSolution
		{CD0AD184-8D11-41D8-99E5-483D2A8E5A28}.Debug|Any CPU.ActiveCfg = Debug|x86
		{CD0AD184-8D11-41D8-99E5-483D2A8E5A28}.Debug|Mixed Platforms.ActiveCfg = Debug|x86
		{CD0AD184-8D11-41D8-99E5-483D2A8E5A28}.Debug|Mixed Platforms.Build.0 = Debug|x86
		{CD0AD184-8D11-41D8-99E5-483D2A8E5A28}.Debug|x86.ActiveCfg = Debug|x86
		{CD0AD184-8D11-41D8-99E5-483D2A8E5A28}.Debug|x86.Build.0 = Debug|x86
		{CD0AD184-8D11-41D8-99E5-483D2A8E5A28}.Release|Any CPU.ActiveCfg = Release|x86
		{CD0AD184-8D11-41D8-99E5-483D2A8E5A28}.Release|Mixed Platforms.ActiveCfg = Release|x86
		{CD0AD184-8D11-41D8-99E5-483D2A8E5A28}.Release|Mixed Platforms.Build.0 = Release|x86
		{CD0AD184-8D11-41D8-99E5-483D2A8E5A28}.Release|x86.ActiveCfg = Release|x86
		{CD0AD184-8D11-41D8-99E5-483D2A8E5A28}.Release|x86.Build.0 = Release|x86
		{0E21411A-99E8-4670-A08B-DABF834C1838}.Debug|Any CPU.ActiveCfg = Debug|Any CPU
		{0E21411A-99E8-4670-A08B-DABF834C1838}.Debug|Any CPU.Build.0 = Debug|Any CPU
		{0E21411A-99E8-4670-A08B-DABF834C1838}.Debug|Mixed Platforms.ActiveCfg = Debug|Any CPU
		{0E21411A-99E8-4670-A08B-DABF834C1838}.Debug|Mixed Platforms.Build.0 = Debug|Any CPU
		{0E21411A-99E8-4670-A08B-DABF834C1838}.Debug|x86.ActiveCfg = Debug|Any CPU
		{0E21411A-99E8-4670-A08B-DABF834C1838}.Release|Any CPU.ActiveCfg = Release|Any CPU
		{0E21411A-99E8-4670-A08B-DABF834C1838}.Release|Any CPU.Build.0 = Release|Any CPU
		{0E21411A-99E8-4670-A08B-DABF834C1838}.Release|Mixed Platforms.ActiveCfg = Release|Any CPU
		{0E21411A-99E8-4670-A08B-DABF834C1838}.Release|Mixed Platforms.Build.0 = Release|Any CPU
		{0E21411A-99E8-4670-A08B-DABF834C1838}.Release|x86.ActiveCfg = Release|Any CPU
		{A819C755-92BF-471A-AE19-9F588AF5EC1D}.Debug|Any CPU.ActiveCfg = Debug|Any CPU
		{A819C755-92BF-471A-AE19-9F588AF5EC1D}.Debug|Any CPU.Build.0 = Debug|Any CPU
		{A819C755-92BF-471A-AE19-9F588AF5EC1D}.Debug|Mixed Platforms.ActiveCfg = Debug|Any CPU
		{A819C755-92BF-471A-AE19-9F588AF5EC1D}.Debug|Mixed Platforms.Build.0 = Debug|Any CPU
		{A819C755-92BF-471A-AE19-9F588AF5EC1D}.Debug|x86.ActiveCfg = Debug|Any CPU
		{A819C755-92BF-471A-AE19-9F588AF5EC1D}.Release|Any CPU.ActiveCfg = Release|Any CPU
		{A819C755-92BF-471A-AE19-9F588AF5EC1D}.Release|Any CPU.Build.0 = Release|Any CPU
		{A819C755-92BF-471A-AE19-9F588AF5EC1D}.Release|Mixed Platforms.ActiveCfg = Release|Any CPU
		{A819C755-92BF-471A-AE19-9F588AF5EC1D}.Release|Mixed Platforms.Build.0 = Release|Any CPU
		{A819C755-92BF-471A-AE19-9F588AF5EC1D}.Release|x86.ActiveCfg = Release|Any CPU
		{0F6190DF-DBB5-43AA-9087-4FD83F4A3606}.Debug|Any CPU.ActiveCfg = Debug|Any CPU
		{0F6190DF-DBB5-43AA-9087-4FD83F4A3606}.Debug|Any CPU.Build.0 = Debug|Any CPU
		{0F6190DF-DBB5-43AA-9087-4FD83F4A3606}.Debug|Mixed Platforms.ActiveCfg = Debug|Any CPU
		{0F6190DF-DBB5-43AA-9087-4FD83F4A3606}.Debug|Mixed Platforms.Build.0 = Debug|Any CPU
		{0F6190DF-DBB5-43AA-9087-4FD83F4A3606}.Debug|x86.ActiveCfg = Debug|Any CPU
		{0F6190DF-DBB5-43AA-9087-4FD83F4A3606}.Release|Any CPU.ActiveCfg = Release|Any CPU
		{0F6190DF-DBB5-43AA-9087-4FD83F4A3606}.Release|Any CPU.Build.0 = Release|Any CPU
		{0F6190DF-DBB5-43AA-9087-4FD83F4A3606}.Release|Mixed Platforms.ActiveCfg = Release|Any CPU
		{0F6190DF-DBB5-43AA-9087-4FD83F4A3606}.Release|Mixed Platforms.Build.0 = Release|Any CPU
		{0F6190DF-DBB5-43AA-9087-4FD83F4A3606}.Release|x86.ActiveCfg = Release|Any CPU
	EndGlobalSection
	GlobalSection(SolutionProperties) = preSolution
		HideSolutionNode = FALSE
	EndGlobalSection
EndGlobal
